
Microsoft Visual Studio Solution File, Format Version 12.00
# Visual Studio Version 17
VisualStudioVersion = 17.3.32922.545
MinimumVisualStudioVersion = 10.0.40219.1
Project("{9A19103F-16F7-4668-BE54-9A1E7A4F7556}") = "Activities", "Activities\Activities.csproj", "{DCAD155F-72CE-4A80-8DDE-B150C3781947}"
EndProject
Global
	GlobalSection(SolutionConfigurationPlatforms) = preSolution
		Debug|Any CPU = Debug|Any CPU
		Release|Any CPU = Release|Any CPU
	EndGlobalSection
	GlobalSection(ProjectConfigurationPlatforms) = postSolution
		{DCAD155F-72CE-4A80-8DDE-B150C3781947}.Debug|Any CPU.ActiveCfg = Debug|Any CPU
		{DCAD155F-72CE-4A80-8DDE-B150C3781947}.Debug|Any CPU.Build.0 = Debug|Any CPU
		{DCAD155F-72CE-4A80-8DDE-B150C3781947}.Release|Any CPU.ActiveCfg = Release|Any CPU
		{DCAD155F-72CE-4A80-8DDE-B150C3781947}.Release|Any CPU.Build.0 = Release|Any CPU
	EndGlobalSection
	GlobalSection(SolutionProperties) = preSolution
		HideSolutionNode = FALSE
	EndGlobalSection
	GlobalSection(ExtensibilityGlobals) = postSolution
		SolutionGuid = {B205EAF1-67E5-456A-83FA-9AF7E1C017FD}
	EndGlobalSection
EndGlobal
